
Microsoft Visual Studio Solution File, Format Version 12.00
Project("{FAE04EC0-301F-11D3-BF4B-00C04F79EFBC}") = "TestePerformanceRegex", "TestePerformanceRegex\TestePerformanceRegex.csproj", "{610245A5-FD56-4BC8-A60A-65E71A1C76BC}"
EndProject
Global
	GlobalSection(SolutionConfigurationPlatforms) = preSolution
		Debug|Any CPU = Debug|Any CPU
		Release|Any CPU = Release|Any CPU
	EndGlobalSection
	GlobalSection(ProjectConfigurationPlatforms) = postSolution
		{610245A5-FD56-4BC8-A60A-65E71A1C76BC}.Debug|Any CPU.ActiveCfg = Debug|Any CPU
		{610245A5-FD56-4BC8-A60A-65E71A1C76BC}.Debug|Any CPU.Build.0 = Debug|Any CPU
		{610245A5-FD56-4BC8-A60A-65E71A1C76BC}.Release|Any CPU.ActiveCfg = Release|Any CPU
		{610245A5-FD56-4BC8-A60A-65E71A1C76BC}.Release|Any CPU.Build.0 = Release|Any CPU
	EndGlobalSection
EndGlobal
